
Microsoft Visual Studio Solution File, Format Version 12.00
# Visual Studio 15
VisualStudioVersion = 15.0.28307.271
MinimumVisualStudioVersion = 10.0.40219.1
Project("{FAE04EC0-301F-11D3-BF4B-00C04F79EFBC}") = "Saudi_Auctions", "Saudi_Auctions\Saudi_Auctions.csproj", "{A39A4DD3-DF1F-447C-8198-F01D15FB3CBA}"
EndProject
Global
	GlobalSection(SolutionConfigurationPlatforms) = preSolution
		Debug|Any CPU = Debug|Any CPU
		Release|Any CPU = Release|Any CPU
	EndGlobalSection
	GlobalSection(ProjectConfigurationPlatforms) = postSolution
		{A39A4DD3-DF1F-447C-8198-F01D15FB3CBA}.Debug|Any CPU.ActiveCfg = Debug|Any CPU
		{A39A4DD3-DF1F-447C-8198-F01D15FB3CBA}.Debug|Any CPU.Build.0 = Debug|Any CPU
		{A39A4DD3-DF1F-447C-8198-F01D15FB3CBA}.Release|Any CPU.ActiveCfg = Release|Any CPU
		{A39A4DD3-DF1F-447C-8198-F01D15FB3CBA}.Release|Any CPU.Build.0 = Release|Any CPU
	EndGlobalSection
	GlobalSection(SolutionProperties) = preSolution
		HideSolutionNode = FALSE
	EndGlobalSection
	GlobalSection(ExtensibilityGlobals) = postSolution
		SolutionGuid = {C707A7C6-388F-43D6-B6B1-2FF31D1AE306}
	EndGlobalSection
EndGlobal
